
Microsoft Visual Studio Solution File, Format Version 12.00
# Visual Studio Version 16
VisualStudioVersion = 16.0.30907.101
MinimumVisualStudioVersion = 10.0.40219.1
Project("{FAE04EC0-301F-11D3-BF4B-00C04F79EFBC}") = "WEBapiPersona", "WEBapiPersona\WEBapiPersona.csproj", "{377A6F42-530A-43FE-BD71-C9D5E31D1A93}"
EndProject
Global
	GlobalSection(SolutionConfigurationPlatforms) = preSolution
		Debug|Any CPU = Debug|Any CPU
		Release|Any CPU = Release|Any CPU
	EndGlobalSection
	GlobalSection(ProjectConfigurationPlatforms) = postSolution
		{377A6F42-530A-43FE-BD71-C9D5E31D1A93}.Debug|Any CPU.ActiveCfg = Debug|Any CPU
		{377A6F42-530A-43FE-BD71-C9D5E31D1A93}.Debug|Any CPU.Build.0 = Debug|Any CPU
		{377A6F42-530A-43FE-BD71-C9D5E31D1A93}.Release|Any CPU.ActiveCfg = Release|Any CPU
		{377A6F42-530A-43FE-BD71-C9D5E31D1A93}.Release|Any CPU.Build.0 = Release|Any CPU
	EndGlobalSection
	GlobalSection(SolutionProperties) = preSolution
		HideSolutionNode = FALSE
	EndGlobalSection
	GlobalSection(ExtensibilityGlobals) = postSolution
		SolutionGuid = {39BB2A92-4F52-4CC1-B143-0869B19EBCA1}
	EndGlobalSection
EndGlobal
